# Generated by pub
# See https://dart.dev/tools/pub/glossary#lockfile
packages:
  adaptive_dialog:
    dependency: transitive
    description:
      name: adaptive_dialog
      sha256: "30dc6deee139cde31e5d10a1d05e1a2a1bb6d592cf0eea27b978884b1ff03405"
      url: "https://pub.dev"
    source: hosted
    version: "2.0.0"
  animations:
    dependency: transitive
    description:
      name: animations
      sha256: ef57563eed3620bd5d75ad96189846aca1e033c0c45fc9a7d26e80ab02b88a70
      url: "https://pub.dev"
    source: hosted
    version: "2.0.8"
  async:
    dependency: transitive
    description:
      name: async
      sha256: "947bfcf187f74dbc5e146c9eb9c0f10c9f8b30743e341481c1e2ed3ecc18c20c"
      url: "https://pub.dev"
    source: hosted
    version: "2.11.0"
  audio_waveforms:
    dependency: transitive
    description:
      name: audio_waveforms
      sha256: f2f81e256c5c03b64e2861e0323a77e1b6790c256c73393b671214c9846260fc
      url: "https://pub.dev"
    source: hosted
    version: "1.0.4"
  boolean_selector:
    dependency: transitive
    description:
      name: boolean_selector
      sha256: "6cfb5af12253eaf2b368f07bacc5a80d1301a071c73360d746b7f2e32d762c66"
      url: "https://pub.dev"
    source: hosted
    version: "2.1.1"
  cached_network_image:
    dependency: transitive
    description:
      name: cached_network_image
      sha256: f98972704692ba679db144261172a8e20feb145636c617af0eb4022132a6797f
      url: "https://pub.dev"
    source: hosted
    version: "3.3.0"
  cached_network_image_platform_interface:
    dependency: transitive
    description:
      name: cached_network_image_platform_interface
      sha256: "56aa42a7a01e3c9db8456d9f3f999931f1e05535b5a424271e9a38cabf066613"
      url: "https://pub.dev"
    source: hosted
    version: "3.0.0"
  cached_network_image_web:
    dependency: transitive
    description:
      name: cached_network_image_web
      sha256: "759b9a9f8f6ccbb66c185df805fac107f05730b1dab9c64626d1008cca532257"
      url: "https://pub.dev"
    source: hosted
    version: "1.1.0"
  camera:
    dependency: transitive
    description:
      name: camera
      sha256: f63f2687fb1795c36f7c57b18a03071880eabb0fd8b5291b0fcd3fb979cb0fb1
      url: "https://pub.dev"
    source: hosted
    version: "0.10.5+4"
  camera_android:
    dependency: transitive
    description:
      name: camera_android
      sha256: "647af159e244b8bc0fb80abc11e5b86e692bdfc9e4a77c656ef2c1cd52d68e44"
      url: "https://pub.dev"
    source: hosted
    version: "0.10.8+9"
  camera_avfoundation:
    dependency: transitive
    description:
      name: camera_avfoundation
      sha256: dde42d19ad4cdf79287f9e410599db72beaec7e505787dc6abfd0ce5b526e9c0
      url: "https://pub.dev"
    source: hosted
    version: "0.9.13+5"
  camera_platform_interface:
    dependency: transitive
    description:
      name: camera_platform_interface
      sha256: "8734d1c682f034bdb12d0d6ff379b0535a9b8e44266b530025bf8266d6a62f28"
      url: "https://pub.dev"
    source: hosted
    version: "2.5.2"
  camera_web:
    dependency: transitive
    description:
      name: camera_web
      sha256: d4c2c571c7af04f8b10702ca16bb9ed2a26e64534171e8f75c9349b2c004d8f1
      url: "https://pub.dev"
    source: hosted
    version: "0.3.2+3"
  characters:
    dependency: transitive
    description:
      name: characters
      sha256: "04a925763edad70e8443c99234dc3328f442e811f1d8fd1a72f1c8ad0f69a605"
      url: "https://pub.dev"
    source: hosted
    version: "1.3.0"
  charcode:
    dependency: transitive
    description:
      name: charcode
      sha256: fb98c0f6d12c920a02ee2d998da788bca066ca5f148492b7085ee23372b12306
      url: "https://pub.dev"
    source: hosted
    version: "1.3.1"
  clock:
    dependency: transitive
    description:
      name: clock
      sha256: cb6d7f03e1de671e34607e909a7213e31d7752be4fb66a86d29fe1eb14bfb5cf
      url: "https://pub.dev"
    source: hosted
    version: "1.1.1"
  collection:
    dependency: transitive
    description:
      name: collection
      sha256: ee67cb0715911d28db6bf4af1026078bd6f0128b07a5f66fb2ed94ec6783c09a
      url: "https://pub.dev"
    source: hosted
    version: "1.18.0"
  cross_file:
    dependency: transitive
    description:
      name: cross_file
      sha256: fd832b5384d0d6da4f6df60b854d33accaaeb63aa9e10e736a87381f08dee2cb
      url: "https://pub.dev"
    source: hosted
    version: "0.3.3+5"
  crypto:
    dependency: transitive
    description:
      name: crypto
      sha256: ff625774173754681d66daaf4a448684fb04b78f902da9cb3d308c19cc5e8bab
      url: "https://pub.dev"
    source: hosted
    version: "3.0.3"
  csslib:
    dependency: transitive
    description:
      name: csslib
      sha256: "706b5707578e0c1b4b7550f64078f0a0f19dec3f50a178ffae7006b0a9ca58fb"
      url: "https://pub.dev"
    source: hosted
    version: "1.0.0"
  cupertino_icons:
    dependency: "direct main"
    description:
      name: cupertino_icons
      sha256: d57953e10f9f8327ce64a508a355f0b1ec902193f66288e8cb5070e7c47eeb2d
      url: "https://pub.dev"
    source: hosted
    version: "1.0.6"
  dynamic_color:
    dependency: transitive
    description:
      name: dynamic_color
      sha256: "96bff3df72e3d428bda2b874c7a521e8c86f592cae626ea594922fcc8d166e0c"
      url: "https://pub.dev"
    source: hosted
    version: "1.6.7"
  emoji_picker_flutter:
    dependency: transitive
    description:
      name: emoji_picker_flutter
      sha256: "1ca31245cc1f7ab5304c68ccda8039f52b9f2372aa4d10803117160fad3faf12"
      url: "https://pub.dev"
    source: hosted
    version: "1.6.1"
  fake_async:
    dependency: transitive
    description:
      name: fake_async
      sha256: "511392330127add0b769b75a987850d136345d9227c6b94c96a04cf4a391bf78"
      url: "https://pub.dev"
    source: hosted
    version: "1.3.1"
  ffi:
    dependency: transitive
    description:
      name: ffi
      sha256: "7bf0adc28a23d395f19f3f1eb21dd7cfd1dd9f8e1c50051c069122e6853bc878"
      url: "https://pub.dev"
    source: hosted
    version: "2.1.0"
  file:
    dependency: transitive
    description:
      name: file
      sha256: "1b92bec4fc2a72f59a8e15af5f52cd441e4a7860b49499d69dfa817af20e925d"
      url: "https://pub.dev"
    source: hosted
    version: "6.1.4"
  file_picker:
    dependency: transitive
    description:
      name: file_picker
      sha256: "4e42aacde3b993c5947467ab640882c56947d9d27342a5b6f2895b23956954a6"
      url: "https://pub.dev"
    source: hosted
    version: "6.1.1"
  file_sizes:
    dependency: transitive
    description:
      name: file_sizes
      sha256: d24964a4b194b6116d490005428d07cb3e83834ad1f7ec6a1012dedc2f6d2a19
      url: "https://pub.dev"
    source: hosted
    version: "1.0.6"
  flutter:
    dependency: "direct main"
    description: flutter
    source: sdk
    version: "0.0.0"
  flutter_cache_manager:
    dependency: transitive
    description:
      name: flutter_cache_manager
      sha256: "8207f27539deb83732fdda03e259349046a39a4c767269285f449ade355d54ba"
      url: "https://pub.dev"
    source: hosted
    version: "3.3.1"
  flutter_lints:
    dependency: "direct dev"
    description:
      name: flutter_lints
      sha256: a25a15ebbdfc33ab1cd26c63a6ee519df92338a9c10f122adda92938253bef04
      url: "https://pub.dev"
    source: hosted
    version: "2.0.3"
  flutter_plugin_android_lifecycle:
    dependency: transitive
    description:
      name: flutter_plugin_android_lifecycle
      sha256: f185ac890306b5779ecbd611f52502d8d4d63d27703ef73161ca0407e815f02c
      url: "https://pub.dev"
    source: hosted
    version: "2.0.16"
  flutter_test:
    dependency: "direct dev"
    description: flutter
    source: sdk
    version: "0.0.0"
  flutter_web_plugins:
    dependency: transitive
    description: flutter
    source: sdk
    version: "0.0.0"
  geolocator:
    dependency: transitive
    description:
      name: geolocator
      sha256: "5c23f3613f50586c0bbb2b8f970240ae66b3bd992088cf60dd5ee2e6f7dde3a8"
      url: "https://pub.dev"
    source: hosted
    version: "9.0.2"
  geolocator_android:
    dependency: transitive
    description:
      name: geolocator_android
      sha256: fb7fc45ce08714a17d1bb097c58b751a10c12255c35c3f64a3c6922222d93be2
      url: "https://pub.dev"
    source: hosted
    version: "4.3.0"
  geolocator_apple:
    dependency: transitive
    description:
      name: geolocator_apple
      sha256: "2c0187c84ca04fdb4e2b32a775dbe97448622a53f1c9ecb26d8b6b0df6e72b65"
      url: "https://pub.dev"
    source: hosted
    version: "2.3.1"
  geolocator_platform_interface:
    dependency: transitive
    description:
      name: geolocator_platform_interface
      sha256: b8cc1d3be0ca039a3f2174b0b026feab8af3610e220b8532e42cff8ec6658535
      url: "https://pub.dev"
    source: hosted
    version: "4.1.0"
  geolocator_web:
    dependency: transitive
    description:
      name: geolocator_web
      sha256: "59083f7e0871b78299918d92bf930a14377f711d2d1156c558cd5ebae6c20d58"
      url: "https://pub.dev"
    source: hosted
    version: "2.2.0"
  geolocator_windows:
    dependency: transitive
    description:
      name: geolocator_windows
      sha256: "4f4218f122a6978d0ad655fa3541eea74c67417440b09f0657238810d5af6bdc"
      url: "https://pub.dev"
    source: hosted
    version: "0.1.3"
  google_maps:
    dependency: transitive
    description:
      name: google_maps
      sha256: "555d5d736339b0478e821167ac521c810d7b51c3b2734e6802a9f046b64ea37a"
      url: "https://pub.dev"
    source: hosted
    version: "6.3.0"
  google_maps_flutter:
    dependency: transitive
    description:
      name: google_maps_flutter
      sha256: d4914cb38b3dcb62c39c085d968d434de0f8050f00f4d9f5ba4a7c7e004934cb
      url: "https://pub.dev"
    source: hosted
    version: "2.5.0"
  google_maps_flutter_android:
    dependency: transitive
    description:
      name: google_maps_flutter_android
      sha256: e6cb018169e49332f88d23b1d2119b09e8ab4e7d3a1b889a1b7b3fd113e034ba
      url: "https://pub.dev"
    source: hosted
    version: "2.5.1"
  google_maps_flutter_ios:
    dependency: transitive
    description:
      name: google_maps_flutter_ios
      sha256: "2a595c9789070786c654e9772ec0d1bb759ae37d2dd776291af5398531274e06"
      url: "https://pub.dev"
    source: hosted
    version: "2.3.1"
  google_maps_flutter_platform_interface:
    dependency: transitive
    description:
      name: google_maps_flutter_platform_interface
      sha256: a3e9e6896501e566d902c6c69f010834d410ef4b7b5c18b90c77e871c86b7907
      url: "https://pub.dev"
    source: hosted
    version: "2.4.1"
  google_maps_flutter_web:
    dependency: transitive
    description:
      name: google_maps_flutter_web
      sha256: f893d1542c6562bc8299ef768fbbe92ade83c220ab3209b9477ec9f81ad585e4
      url: "https://pub.dev"
    source: hosted
    version: "0.5.4+2"
  html:
    dependency: transitive
    description:
      name: html
      sha256: "3a7812d5bcd2894edf53dfaf8cd640876cf6cef50a8f238745c8b8120ea74d3a"
      url: "https://pub.dev"
    source: hosted
    version: "0.15.4"
  http:
    dependency: transitive
    description:
      name: http
      sha256: "759d1a329847dd0f39226c688d3e06a6b8679668e350e2891a6474f8b4bb8525"
      url: "https://pub.dev"
    source: hosted
    version: "1.1.0"
  http_parser:
    dependency: transitive
    description:
      name: http_parser
      sha256: "2aa08ce0341cc9b354a498388e30986515406668dbcc4f7c950c3e715496693b"
      url: "https://pub.dev"
    source: hosted
    version: "4.0.2"
  image_cropper:
    dependency: transitive
    description:
      name: image_cropper
      sha256: "19340e50a8c09124ef2196884e9eb79d219d84cb819cfbf52141221216e30515"
      url: "https://pub.dev"
    source: hosted
    version: "5.0.0"
  image_cropper_for_web:
    dependency: transitive
    description:
      name: image_cropper_for_web
      sha256: "865d798b5c9d826f1185b32e5d0018c4183ddb77b7b82a931e1a06aa3b74974e"
      url: "https://pub.dev"
    source: hosted
    version: "3.0.0"
  image_cropper_platform_interface:
    dependency: transitive
    description:
      name: image_cropper_platform_interface
      sha256: ee160d686422272aa306125f3b6fb1c1894d9b87a5e20ed33fa008e7285da11e
      url: "https://pub.dev"
    source: hosted
    version: "5.0.0"
  intersperse:
    dependency: transitive
    description:
      name: intersperse
      sha256: "2f8a905c96f6cbba978644a3d5b31b8d86ddc44917662df7d27a61f3df66a576"
      url: "https://pub.dev"
    source: hosted
    version: "2.0.0"
  intl:
    dependency: transitive
    description:
      name: intl
      sha256: "3bc132a9dbce73a7e4a21a17d06e1878839ffbf975568bc875c60537824b0c4d"
      url: "https://pub.dev"
    source: hosted
    version: "0.18.1"
  js:
    dependency: transitive
    description:
      name: js
      sha256: f2c445dce49627136094980615a031419f7f3eb393237e4ecd97ac15dea343f3
      url: "https://pub.dev"
    source: hosted
    version: "0.6.7"
  js_wrapping:
    dependency: transitive
    description:
      name: js_wrapping
      sha256: e385980f7c76a8c1c9a560dfb623b890975841542471eade630b2871d243851c
      url: "https://pub.dev"
    source: hosted
    version: "0.7.4"
  lints:
    dependency: transitive
    description:
      name: lints
      sha256: "0a217c6c989d21039f1498c3ed9f3ed71b354e69873f13a8dfc3c9fe76f1b452"
      url: "https://pub.dev"
    source: hosted
    version: "2.1.1"
  logging:
    dependency: transitive
    description:
      name: logging
      sha256: "623a88c9594aa774443aa3eb2d41807a48486b5613e67599fb4c41c0ad47c340"
      url: "https://pub.dev"
    source: hosted
    version: "1.2.0"
  macos_ui:
    dependency: transitive
    description:
      name: macos_ui
      sha256: b739149b812c47e5ff10a00c9fdf7315f22ac5cd1fdbd447a6b7ffee31472717
      url: "https://pub.dev"
    source: hosted
    version: "2.0.0"
  macos_window_utils:
    dependency: transitive
    description:
      name: macos_window_utils
      sha256: c51aba4b8517d1b3dc3d3b0653eff4f84f318040d0f01ea0da4e64298ac76024
      url: "https://pub.dev"
    source: hosted
    version: "1.3.0"
  matcher:
    dependency: transitive
    description:
      name: matcher
      sha256: "1803e76e6653768d64ed8ff2e1e67bea3ad4b923eb5c56a295c3e634bad5960e"
      url: "https://pub.dev"
    source: hosted
    version: "0.12.16"
  material_color_utilities:
    dependency: transitive
    description:
      name: material_color_utilities
      sha256: "9528f2f296073ff54cb9fee677df673ace1218163c3bc7628093e7eed5203d41"
      url: "https://pub.dev"
    source: hosted
    version: "0.5.0"
  meta:
    dependency: transitive
    description:
      name: meta
      sha256: a6e590c838b18133bb482a2745ad77c5bb7715fb0451209e1a7567d416678b8e
      url: "https://pub.dev"
    source: hosted
    version: "1.10.0"
  mime:
    dependency: transitive
    description:
      name: mime
      sha256: e4ff8e8564c03f255408decd16e7899da1733852a9110a58fe6d1b817684a63e
      url: "https://pub.dev"
    source: hosted
    version: "1.0.4"
  mime_type:
    dependency: transitive
    description:
      name: mime_type
      sha256: "2ad6e67d3d2de9ac0f8ef5352d998fd103cb21351ae8c02fb0c78b079b37d275"
      url: "https://pub.dev"
    source: hosted
    version: "1.0.0"
  octo_image:
    dependency: transitive
    description:
      name: octo_image
      sha256: "45b40f99622f11901238e18d48f5f12ea36426d8eced9f4cbf58479c7aa2430d"
      url: "https://pub.dev"
    source: hosted
    version: "2.0.0"
  path:
    dependency: transitive
    description:
      name: path
      sha256: "8829d8a55c13fc0e37127c29fedf290c102f4e40ae94ada574091fe0ff96c917"
      url: "https://pub.dev"
    source: hosted
    version: "1.8.3"
  path_provider:
    dependency: transitive
    description:
      name: path_provider
      sha256: a1aa8aaa2542a6bc57e381f132af822420216c80d4781f7aa085ca3229208aaa
      url: "https://pub.dev"
    source: hosted
    version: "2.1.1"
  path_provider_android:
    dependency: transitive
    description:
      name: path_provider_android
      sha256: "6b8b19bd80da4f11ce91b2d1fb931f3006911477cec227cce23d3253d80df3f1"
      url: "https://pub.dev"
    source: hosted
    version: "2.2.0"
  path_provider_foundation:
    dependency: transitive
    description:
      name: path_provider_foundation
      sha256: "19314d595120f82aca0ba62787d58dde2cc6b5df7d2f0daf72489e38d1b57f2d"
      url: "https://pub.dev"
    source: hosted
    version: "2.3.1"
  path_provider_linux:
    dependency: transitive
    description:
      name: path_provider_linux
      sha256: f7a1fe3a634fe7734c8d3f2766ad746ae2a2884abe22e241a8b301bf5cac3279
      url: "https://pub.dev"
    source: hosted
    version: "2.2.1"
  path_provider_platform_interface:
    dependency: transitive
    description:
      name: path_provider_platform_interface
      sha256: "94b1e0dd80970c1ce43d5d4e050a9918fce4f4a775e6142424c30a29a363265c"
      url: "https://pub.dev"
    source: hosted
    version: "2.1.1"
  path_provider_windows:
    dependency: transitive
    description:
      name: path_provider_windows
      sha256: "8bc9f22eee8690981c22aa7fc602f5c85b497a6fb2ceb35ee5a5e5ed85ad8170"
      url: "https://pub.dev"
    source: hosted
    version: "2.2.1"
  permission_handler:
    dependency: transitive
    description:
      name: permission_handler
      sha256: "860c6b871c94c78e202dc69546d4d8fd84bd59faeb36f8fb9888668a53ff4f78"
      url: "https://pub.dev"
    source: hosted
    version: "11.1.0"
  permission_handler_android:
    dependency: transitive
    description:
      name: permission_handler_android
      sha256: "2f1bec180ee2f5665c22faada971a8f024761f632e93ddc23310487df52dcfa6"
      url: "https://pub.dev"
    source: hosted
    version: "12.0.1"
  permission_handler_apple:
    dependency: transitive
    description:
      name: permission_handler_apple
      sha256: "1a816084338ada8d574b1cb48390e6e8b19305d5120fe3a37c98825bacc78306"
      url: "https://pub.dev"
    source: hosted
    version: "9.2.0"
  permission_handler_html:
    dependency: transitive
    description:
      name: permission_handler_html
      sha256: "11b762a8c123dced6461933a88ea1edbbe036078c3f9f41b08886e678e7864df"
      url: "https://pub.dev"
    source: hosted
    version: "0.1.0+2"
  permission_handler_platform_interface:
    dependency: transitive
    description:
      name: permission_handler_platform_interface
      sha256: d87349312f7eaf6ce0adaf668daf700ac5b06af84338bd8b8574dfbd93ffe1a1
      url: "https://pub.dev"
    source: hosted
    version: "4.0.2"
  permission_handler_windows:
    dependency: transitive
    description:
      name: permission_handler_windows
      sha256: "1e8640c1e39121128da6b816d236e714d2cf17fac5a105dd6acdd3403a628004"
      url: "https://pub.dev"
    source: hosted
    version: "0.2.0"
  phosphor_flutter:
    dependency: transitive
    description:
      name: phosphor_flutter
      sha256: "82aee69109d55518abbc5d77aeb893bfd2d39796aa51b871cadf2e56d03fa8e3"
      url: "https://pub.dev"
    source: hosted
    version: "1.4.0"
  photo_manager:
    dependency: transitive
    description:
      name: photo_manager
      sha256: "8cf79918f6de9843b394a1670fe1aec54ebcac852b4b4c9ef88211894547dc61"
      url: "https://pub.dev"
    source: hosted
    version: "3.0.0-dev.5"
  photo_manager_image_provider:
    dependency: transitive
    description:
      name: photo_manager_image_provider
      sha256: c187f60c3fdbe5630735d9a0bccbb071397ec03dcb1ba6085c29c8adece798a0
      url: "https://pub.dev"
    source: hosted
    version: "2.1.0"
  place_picker_v2:
    dependency: transitive
    description:
      name: place_picker_v2
      sha256: "6f4bdba31212012adbb39010638328a2f1913d08a255e352e29f58a88e845080"
      url: "https://pub.dev"
    source: hosted
    version: "0.0.1"
  platform:
    dependency: transitive
    description:
      name: platform
      sha256: ae68c7bfcd7383af3629daafb32fb4e8681c7154428da4febcff06200585f102
      url: "https://pub.dev"
    source: hosted
    version: "3.1.2"
  plugin_platform_interface:
    dependency: transitive
    description:
      name: plugin_platform_interface
      sha256: da3fdfeccc4d4ff2da8f8c556704c08f912542c5fb3cf2233ed75372384a034d
      url: "https://pub.dev"
    source: hosted
    version: "2.1.6"
  quiver:
    dependency: transitive
    description:
      name: quiver
      sha256: b1c1ac5ce6688d77f65f3375a9abb9319b3cb32486bdc7a1e0fdf004d7ba4e47
      url: "https://pub.dev"
    source: hosted
    version: "3.2.1"
  record:
    dependency: transitive
    description:
      name: record
      sha256: be9b710f42edf94f939dda1a1688e82a68dcd391be0a836c01e639a249f133d3
      url: "https://pub.dev"
    source: hosted
    version: "5.0.1"
  record_android:
    dependency: transitive
    description:
      name: record_android
      sha256: "805ecaa232a671aff2ee9ec4730ef6addb97c548d2db6b1fbd5197f1d4f47a5a"
      url: "https://pub.dev"
    source: hosted
    version: "1.0.4"
  record_darwin:
    dependency: transitive
    description:
      name: record_darwin
      sha256: ee8cb1bb1712d7ce38140ecabe70e5c286c02f05296d66043bee865ace7eb1b9
      url: "https://pub.dev"
    source: hosted
    version: "1.0.1"
  record_linux:
    dependency: transitive
    description:
      name: record_linux
      sha256: "7d0e70cd51635128fe9d37d89bafd6011d7cbba9af8dc323079ae60f23546aef"
      url: "https://pub.dev"
    source: hosted
    version: "0.7.1"
  record_platform_interface:
    dependency: transitive
    description:
      name: record_platform_interface
      sha256: "3a4b56e94ecd2a0b2b43eb1fa6f94c5b8484334f5d38ef43959c4bf97fb374cf"
      url: "https://pub.dev"
    source: hosted
    version: "1.0.2"
  record_web:
    dependency: transitive
    description:
      name: record_web
      sha256: be8c62759b385a04dbc4ae7f5d3f78e6f0c532e72935d288aee87432bbbbb8f6
      url: "https://pub.dev"
    source: hosted
    version: "1.0.3"
  record_windows:
    dependency: transitive
    description:
      name: record_windows
      sha256: "642860baf603db8f0e32cfe04ab517495f002abad539ad015812ebe43ba2ef83"
      url: "https://pub.dev"
    source: hosted
    version: "1.0.1"
  rxdart:
    dependency: transitive
    description:
      name: rxdart
      sha256: "0c7c0cedd93788d996e33041ffecda924cc54389199cde4e6a34b440f50044cb"
      url: "https://pub.dev"
    source: hosted
    version: "0.27.7"
  sanitize_html:
    dependency: transitive
    description:
      name: sanitize_html
      sha256: "0a445f19bbaa196f5a4f93461aa066b94e6e025622eb1e9bc77872a5e25233a5"
      url: "https://pub.dev"
    source: hosted
    version: "2.0.0"
  sensors_plus:
    dependency: transitive
    description:
      name: sensors_plus
      sha256: "8e7fa79b4940442bb595bfc0ee9da4af5a22a0fe6ebacc74998245ee9496a82d"
      url: "https://pub.dev"
    source: hosted
    version: "4.0.2"
  sensors_plus_platform_interface:
    dependency: transitive
    description:
      name: sensors_plus_platform_interface
      sha256: bc472d6cfd622acb4f020e726433ee31788b038056691ba433fec80e448a094f
      url: "https://pub.dev"
    source: hosted
    version: "1.2.0"
  shared_preferences:
    dependency: transitive
    description:
      name: shared_preferences
      sha256: b7f41bad7e521d205998772545de63ff4e6c97714775902c199353f8bf1511ac
      url: "https://pub.dev"
    source: hosted
    version: "2.2.1"
  shared_preferences_android:
    dependency: transitive
    description:
      name: shared_preferences_android
      sha256: "8568a389334b6e83415b6aae55378e158fbc2314e074983362d20c562780fb06"
      url: "https://pub.dev"
    source: hosted
    version: "2.2.1"
  shared_preferences_foundation:
    dependency: transitive
    description:
      name: shared_preferences_foundation
      sha256: "7bf53a9f2d007329ee6f3df7268fd498f8373602f943c975598bbb34649b62a7"
      url: "https://pub.dev"
    source: hosted
    version: "2.3.4"
  shared_preferences_linux:
    dependency: transitive
    description:
      name: shared_preferences_linux
      sha256: c2eb5bf57a2fe9ad6988121609e47d3e07bb3bdca5b6f8444e4cf302428a128a
      url: "https://pub.dev"
    source: hosted
    version: "2.3.1"
  shared_preferences_platform_interface:
    dependency: transitive
    description:
      name: shared_preferences_platform_interface
      sha256: d4ec5fc9ebb2f2e056c617112aa75dcf92fc2e4faaf2ae999caa297473f75d8a
      url: "https://pub.dev"
    source: hosted
    version: "2.3.1"
  shared_preferences_web:
    dependency: transitive
    description:
      name: shared_preferences_web
      sha256: d762709c2bbe80626ecc819143013cc820fa49ca5e363620ee20a8b15a3e3daf
      url: "https://pub.dev"
    source: hosted
    version: "2.2.1"
  shared_preferences_windows:
    dependency: transitive
    description:
      name: shared_preferences_windows
      sha256: f763a101313bd3be87edffe0560037500967de9c394a714cd598d945517f694f
      url: "https://pub.dev"
    source: hosted
    version: "2.3.1"
  sky_engine:
    dependency: transitive
    description: flutter
    source: sdk
    version: "0.0.99"
  source_span:
    dependency: transitive
    description:
      name: source_span
      sha256: "53e943d4206a5e30df338fd4c6e7a077e02254531b138a15aec3bd143c1a8b3c"
      url: "https://pub.dev"
    source: hosted
    version: "1.10.0"
  sqflite:
    dependency: transitive
    description:
      name: sqflite
      sha256: "591f1602816e9c31377d5f008c2d9ef7b8aca8941c3f89cc5fd9d84da0c38a9a"
      url: "https://pub.dev"
    source: hosted
    version: "2.3.0"
  sqflite_common:
    dependency: transitive
    description:
      name: sqflite_common
      sha256: "1b92f368f44b0dee2425bb861cfa17b6f6cf3961f762ff6f941d20b33355660a"
      url: "https://pub.dev"
    source: hosted
    version: "2.5.0"
  stack_trace:
    dependency: transitive
    description:
      name: stack_trace
      sha256: "73713990125a6d93122541237550ee3352a2d84baad52d375a4cad2eb9b7ce0b"
      url: "https://pub.dev"
    source: hosted
    version: "1.11.1"
  stop_watch_timer:
    dependency: transitive
    description:
      name: stop_watch_timer
      sha256: ab2df356d382d34cfe9c0a2765ac74135d8c46a04a26f00c9e8cf78b3a78e4b4
      url: "https://pub.dev"
    source: hosted
    version: "3.0.2"
  stream_channel:
    dependency: transitive
    description:
      name: stream_channel
      sha256: ba2aa5d8cc609d96bbb2899c28934f9e1af5cddbd60a827822ea467161eb54e7
      url: "https://pub.dev"
    source: hosted
    version: "2.1.2"
  stream_transform:
    dependency: transitive
    description:
      name: stream_transform
      sha256: "14a00e794c7c11aa145a170587321aedce29769c08d7f58b1d141da75e3b1c6f"
      url: "https://pub.dev"
    source: hosted
    version: "2.1.0"
  string_scanner:
    dependency: transitive
    description:
      name: string_scanner
      sha256: "556692adab6cfa87322a115640c11f13cb77b3f076ddcc5d6ae3c20242bedcde"
      url: "https://pub.dev"
    source: hosted
    version: "1.2.0"
  synchronized:
    dependency: transitive
    description:
      name: synchronized
      sha256: "5fcbd27688af6082f5abd611af56ee575342c30e87541d0245f7ff99faa02c60"
      url: "https://pub.dev"
    source: hosted
    version: "3.1.0"
  term_glyph:
    dependency: transitive
    description:
      name: term_glyph
      sha256: a29248a84fbb7c79282b40b8c72a1209db169a2e0542bce341da992fe1bc7e84
      url: "https://pub.dev"
    source: hosted
    version: "1.2.1"
  test_api:
    dependency: transitive
    description:
      name: test_api
      sha256: "5c2f730018264d276c20e4f1503fd1308dfbbae39ec8ee63c5236311ac06954b"
      url: "https://pub.dev"
    source: hosted
    version: "0.6.1"
  textless:
    dependency: transitive
    description:
      name: textless
      sha256: cd81cf54f38ca217f729df59c2860215b6e1f6c744475116d4259ed4875c142e
      url: "https://pub.dev"
    source: hosted
    version: "6.6.6"
  typed_data:
    dependency: transitive
    description:
      name: typed_data
      sha256: facc8d6582f16042dd49f2463ff1bd6e2c9ef9f3d5da3d9b087e244a7b564b3c
      url: "https://pub.dev"
    source: hosted
    version: "1.3.2"
  universal_html:
    dependency: transitive
    description:
      name: universal_html
      sha256: "56536254004e24d9d8cfdb7dbbf09b74cf8df96729f38a2f5c238163e3d58971"
      url: "https://pub.dev"
    source: hosted
    version: "2.2.4"
  universal_io:
    dependency: transitive
    description:
      name: universal_io
      sha256: "1722b2dcc462b4b2f3ee7d188dad008b6eb4c40bbd03a3de451d82c78bba9aad"
      url: "https://pub.dev"
    source: hosted
    version: "2.2.2"
  uuid:
    dependency: transitive
    description:
      name: uuid
      sha256: "648e103079f7c64a36dc7d39369cabb358d377078a051d6ae2ad3aa539519313"
      url: "https://pub.dev"
    source: hosted
    version: "3.0.7"
  v_chat_input_ui:
    dependency: "direct main"
    description:
      path: ".."
      relative: true
    source: path
    version: "1.2.2"
  v_chat_mention_controller:
    dependency: transitive
    description:
      name: v_chat_mention_controller
      sha256: "953ff4e4744b91ec09f8a667b860a52e86a8df819ecef938498ed6e11c4fa7f1"
      url: "https://pub.dev"
    source: hosted
    version: "1.0.0"
  v_platform:
    dependency: transitive
    description:
      name: v_platform
      sha256: "48a4ce6b742261d6fd42fb3ee2d70abf207d8d2bc6b2e9129bb00f58c97ccda7"
      url: "https://pub.dev"
    source: hosted
    version: "1.2.1"
  vector_math:
    dependency: transitive
    description:
      name: vector_math
      sha256: "80b3257d1492ce4d091729e3a67a60407d227c27241d6927be0130c98e741803"
      url: "https://pub.dev"
    source: hosted
    version: "2.1.4"
  video_player:
    dependency: transitive
    description:
      name: video_player
      sha256: "74b86e63529cf5885130c639d74cd2f9232e7c8a66cbecbddd1dcb9dbd060d1e"
      url: "https://pub.dev"
    source: hosted
    version: "2.7.2"
  video_player_android:
    dependency: transitive
    description:
      name: video_player_android
      sha256: "3fe89ab07fdbce786e7eb25b58532d6eaf189ceddc091cb66cba712f8d9e8e55"
      url: "https://pub.dev"
    source: hosted
    version: "2.4.10"
  video_player_avfoundation:
    dependency: transitive
    description:
      name: video_player_avfoundation
      sha256: c3b123a5a56c9812b9029f840c65b92fd65083eb08d69be016b01e8aa018f77d
      url: "https://pub.dev"
    source: hosted
    version: "2.4.10"
  video_player_platform_interface:
    dependency: transitive
    description:
      name: video_player_platform_interface
      sha256: be72301bf2c0150ab35a8c34d66e5a99de525f6de1e8d27c0672b836fe48f73a
      url: "https://pub.dev"
    source: hosted
    version: "6.2.1"
  video_player_web:
    dependency: transitive
    description:
      name: video_player_web
      sha256: "66fc0d56554143fee4c623f70e45e4272b94fd246283cb67edabb9d1e4122a4f"
      url: "https://pub.dev"
    source: hosted
    version: "2.1.0"
  web:
    dependency: transitive
    description:
      name: web
      sha256: afe077240a270dcfd2aafe77602b4113645af95d0ad31128cc02bce5ac5d5152
      url: "https://pub.dev"
    source: hosted
    version: "0.3.0"
  wechat_camera_picker:
    dependency: transitive
    description:
      name: wechat_camera_picker
      sha256: ffc6f987b62d7e1104ec08c4797a620cb1cc9698cbfb6d19865290e835ea1777
      url: "https://pub.dev"
    source: hosted
    version: "4.2.0-dev.3"
  win32:
    dependency: transitive
    description:
      name: win32
      sha256: c97defd418eef4ec88c0d1652cdce84b9f7b63dd7198e266d06ac1710d527067
      url: "https://pub.dev"
    source: hosted
    version: "5.0.8"
  xdg_directories:
    dependency: transitive
    description:
      name: xdg_directories
      sha256: "589ada45ba9e39405c198fe34eb0f607cddb2108527e658136120892beac46d2"
      url: "https://pub.dev"
    source: hosted
    version: "1.0.3"
sdks:
  dart: ">=3.2.0 <4.0.0"
  flutter: ">=3.16.0"
